// !$*UTF8*$!
{
	archiveVersion = 1;
	classes = {
	};
	objectVersion = 46;
	objects = {

/* Begin PBXBuildFile section */
		08257F275C5FFD4C425FCF07 /* Pods_GitbookReaderUITests.framework in Frameworks */ = {isa = PBXBuildFile; fileRef = 44F7DC01EB073FBD8CE7EDF9 /* Pods_GitbookReaderUITests.framework */; };
		18542BB41DA938EC00FC2420 /* BooksViewModel.swift in Sources */ = {isa = PBXBuildFile; fileRef = 18542BB31DA938EB00FC2420 /* BooksViewModel.swift */; };
		18542BB81DA93B1D00FC2420 /* Book.swift in Sources */ = {isa = PBXBuildFile; fileRef = 18542BB71DA93B1D00FC2420 /* Book.swift */; };
		185707421D163D43007AF52B /* AppDelegate.swift in Sources */ = {isa = PBXBuildFile; fileRef = 185707411D163D43007AF52B /* AppDelegate.swift */; };
		185707491D163D43007AF52B /* Assets.xcassets in Resources */ = {isa = PBXBuildFile; fileRef = 185707481D163D43007AF52B /* Assets.xcassets */; };
		1857074C1D163D43007AF52B /* LaunchScreen.storyboard in Resources */ = {isa = PBXBuildFile; fileRef = 1857074A1D163D43007AF52B /* LaunchScreen.storyboard */; };
		185707571D163D44007AF52B /* GitbookReaderTests.swift in Sources */ = {isa = PBXBuildFile; fileRef = 185707561D163D44007AF52B /* GitbookReaderTests.swift */; };
		185707621D163D44007AF52B /* GitbookReaderUITests.swift in Sources */ = {isa = PBXBuildFile; fileRef = 185707611D163D44007AF52B /* GitbookReaderUITests.swift */; };
		187921521DABCB7C00EDE2B0 /* UISearchBar.swift in Sources */ = {isa = PBXBuildFile; fileRef = 187921511DABCB7B00EDE2B0 /* UISearchBar.swift */; };
		187921551DABDD0600EDE2B0 /* UserViewModel.swift in Sources */ = {isa = PBXBuildFile; fileRef = 187921541DABDD0600EDE2B0 /* UserViewModel.swift */; };
		187921591DABDD6800EDE2B0 /* User.swift in Sources */ = {isa = PBXBuildFile; fileRef = 187921581DABDD6800EDE2B0 /* User.swift */; };
		1879215B1DABDD8E00EDE2B0 /* BookContent.swift in Sources */ = {isa = PBXBuildFile; fileRef = 1879215A1DABDD8E00EDE2B0 /* BookContent.swift */; };
		18B72F591DAC897D000D6E15 /* Modal.swift in Sources */ = {isa = PBXBuildFile; fileRef = 18B72F581DAC897D000D6E15 /* Modal.swift */; };
		18CF87DE1DABED1300701CAD /* AuthenticateModalViewController.swift in Sources */ = {isa = PBXBuildFile; fileRef = 18CF87DD1DABED1300701CAD /* AuthenticateModalViewController.swift */; };
		18CF87E01DABED3400701CAD /* AuthenticateModalViewController.xib in Resources */ = {isa = PBXBuildFile; fileRef = 18CF87DF1DABED3400701CAD /* AuthenticateModalViewController.xib */; };
		18D617A01DAC14FE000EDA11 /* Confirmable.swift in Sources */ = {isa = PBXBuildFile; fileRef = 18D6179F1DAC14FE000EDA11 /* Confirmable.swift */; };
		18D617A21DAC166B000EDA11 /* ModalTransition.swift in Sources */ = {isa = PBXBuildFile; fileRef = 18D617A11DAC166B000EDA11 /* ModalTransition.swift */; };
		18DA4EE51DA8E198002CBB0F /* AddBookViewController.xib in Resources */ = {isa = PBXBuildFile; fileRef = 18DA4EE31DA8E198002CBB0F /* AddBookViewController.xib */; };
		18DA4EE61DA8E198002CBB0F /* BooksViewController.xib in Resources */ = {isa = PBXBuildFile; fileRef = 18DA4EE41DA8E198002CBB0F /* BooksViewController.xib */; };
		18DA4EE91DA8E1A5002CBB0F /* AddBookViewController.swift in Sources */ = {isa = PBXBuildFile; fileRef = 18DA4EE71DA8E1A5002CBB0F /* AddBookViewController.swift */; };
		18DA4EEA1DA8E1A5002CBB0F /* BooksViewController.swift in Sources */ = {isa = PBXBuildFile; fileRef = 18DA4EE81DA8E1A5002CBB0F /* BooksViewController.swift */; };
		C96DA571BFA47D184B453FAA /* Pods_GitbookReader.framework in Frameworks */ = {isa = PBXBuildFile; fileRef = 3A26739306C74E4CB5D02237 /* Pods_GitbookReader.framework */; };
		D4DDF74F26B2AFB83EEC3A2F /* Pods_GitbookReaderTests.framework in Frameworks */ = {isa = PBXBuildFile; fileRef = C874BCC6644C4AD16B389ECA /* Pods_GitbookReaderTests.framework */; };
/* End PBXBuildFile section */

/* Begin PBXContainerItemProxy section */
		185707531D163D44007AF52B /* PBXContainerItemProxy */ = {
			isa = PBXContainerItemProxy;
			containerPortal = 185707361D163D43007AF52B /* Project object */;
			proxyType = 1;
			remoteGlobalIDString = 1857073D1D163D43007AF52B;
			remoteInfo = GitbookReader;
		};
		1857075E1D163D44007AF52B /* PBXContainerItemProxy */ = {
			isa = PBXContainerItemProxy;
			containerPortal = 185707361D163D43007AF52B /* Project object */;
			proxyType = 1;
			remoteGlobalIDString = 1857073D1D163D43007AF52B;
			remoteInfo = GitbookReader;
		};
/* End PBXContainerItemProxy section */

/* Begin PBXFileReference section */
		184D69501DAB6DCC0071204C /* GitbookReader.entitlements */ = {isa = PBXFileReference; lastKnownFileType = text.plist.entitlements; path = GitbookReader.entitlements; sourceTree = "<group>"; };
		18542BB31DA938EB00FC2420 /* BooksViewModel.swift */ = {isa = PBXFileReference; fileEncoding = 4; lastKnownFileType = sourcecode.swift; name = BooksViewModel.swift; path = ViewModels/BooksViewModel.swift; sourceTree = "<group>"; };
		18542BB71DA93B1D00FC2420 /* Book.swift */ = {isa = PBXFileReference; fileEncoding = 4; lastKnownFileType = sourcecode.swift; name = Book.swift; path = Models/Book.swift; sourceTree = "<group>"; };
		1857073E1D163D43007AF52B /* GitbookReader.app */ = {isa = PBXFileReference; explicitFileType = wrapper.application; includeInIndex = 0; path = GitbookReader.app; sourceTree = BUILT_PRODUCTS_DIR; };
		185707411D163D43007AF52B /* AppDelegate.swift */ = {isa = PBXFileReference; lastKnownFileType = sourcecode.swift; path = AppDelegate.swift; sourceTree = "<group>"; };
		185707481D163D43007AF52B /* Assets.xcassets */ = {isa = PBXFileReference; lastKnownFileType = folder.assetcatalog; path = Assets.xcassets; sourceTree = "<group>"; };
		1857074B1D163D43007AF52B /* Base */ = {isa = PBXFileReference; lastKnownFileType = file.storyboard; name = Base; path = Base.lproj/LaunchScreen.storyboard; sourceTree = "<group>"; };
		1857074D1D163D43007AF52B /* Info.plist */ = {isa = PBXFileReference; lastKnownFileType = text.plist.xml; path = Info.plist; sourceTree = "<group>"; };
		185707521D163D44007AF52B /* GitbookReaderTests.xctest */ = {isa = PBXFileReference; explicitFileType = wrapper.cfbundle; includeInIndex = 0; path = GitbookReaderTests.xctest; sourceTree = BUILT_PRODUCTS_DIR; };
		185707561D163D44007AF52B /* GitbookReaderTests.swift */ = {isa = PBXFileReference; lastKnownFileType = sourcecode.swift; path = GitbookReaderTests.swift; sourceTree = "<group>"; };
		185707581D163D44007AF52B /* Info.plist */ = {isa = PBXFileReference; lastKnownFileType = text.plist.xml; path = Info.plist; sourceTree = "<group>"; };
		1857075D1D163D44007AF52B /* GitbookReaderUITests.xctest */ = {isa = PBXFileReference; explicitFileType = wrapper.cfbundle; includeInIndex = 0; path = GitbookReaderUITests.xctest; sourceTree = BUILT_PRODUCTS_DIR; };
		185707611D163D44007AF52B /* GitbookReaderUITests.swift */ = {isa = PBXFileReference; lastKnownFileType = sourcecode.swift; path = GitbookReaderUITests.swift; sourceTree = "<group>"; };
		185707631D163D44007AF52B /* Info.plist */ = {isa = PBXFileReference; lastKnownFileType = text.plist.xml; path = Info.plist; sourceTree = "<group>"; };
		187921511DABCB7B00EDE2B0 /* UISearchBar.swift */ = {isa = PBXFileReference; fileEncoding = 4; lastKnownFileType = sourcecode.swift; name = UISearchBar.swift; path = Extensions/UISearchBar.swift; sourceTree = "<group>"; };
		187921541DABDD0600EDE2B0 /* UserViewModel.swift */ = {isa = PBXFileReference; fileEncoding = 4; lastKnownFileType = sourcecode.swift; name = UserViewModel.swift; path = ViewModels/UserViewModel.swift; sourceTree = "<group>"; };
		187921581DABDD6800EDE2B0 /* User.swift */ = {isa = PBXFileReference; fileEncoding = 4; lastKnownFileType = sourcecode.swift; name = User.swift; path = Models/User.swift; sourceTree = "<group>"; };
		1879215A1DABDD8E00EDE2B0 /* BookContent.swift */ = {isa = PBXFileReference; fileEncoding = 4; lastKnownFileType = sourcecode.swift; name = BookContent.swift; path = Models/BookContent.swift; sourceTree = "<group>"; };
		18B72F581DAC897D000D6E15 /* Modal.swift */ = {isa = PBXFileReference; fileEncoding = 4; lastKnownFileType = sourcecode.swift; name = Modal.swift; path = Protocols/Modal.swift; sourceTree = "<group>"; };
		18CF87DD1DABED1300701CAD /* AuthenticateModalViewController.swift */ = {isa = PBXFileReference; fileEncoding = 4; lastKnownFileType = sourcecode.swift; name = AuthenticateModalViewController.swift; path = ViewControllers/AuthenticateModalViewController.swift; sourceTree = "<group>"; };
		18CF87DF1DABED3400701CAD /* AuthenticateModalViewController.xib */ = {isa = PBXFileReference; fileEncoding = 4; lastKnownFileType = file.xib; name = AuthenticateModalViewController.xib; path = Views/ViewControllers/AuthenticateModalViewController.xib; sourceTree = "<group>"; };
		18D6179F1DAC14FE000EDA11 /* Confirmable.swift */ = {isa = PBXFileReference; fileEncoding = 4; lastKnownFileType = sourcecode.swift; name = Confirmable.swift; path = Protocols/Confirmable.swift; sourceTree = "<group>"; };
		18D617A11DAC166B000EDA11 /* ModalTransition.swift */ = {isa = PBXFileReference; fileEncoding = 4; lastKnownFileType = sourcecode.swift; name = ModalTransition.swift; path = Views/ModalTransition.swift; sourceTree = "<group>"; };
		18DA4EE31DA8E198002CBB0F /* AddBookViewController.xib */ = {isa = PBXFileReference; fileEncoding = 4; lastKnownFileType = file.xib; name = AddBookViewController.xib; path = Views/ViewControllers/AddBookViewController.xib; sourceTree = "<group>"; };
		18DA4EE41DA8E198002CBB0F /* BooksViewController.xib */ = {isa = PBXFileReference; fileEncoding = 4; lastKnownFileType = file.xib; name = BooksViewController.xib; path = Views/ViewControllers/BooksViewController.xib; sourceTree = "<group>"; };
		18DA4EE71DA8E1A5002CBB0F /* AddBookViewController.swift */ = {isa = PBXFileReference; fileEncoding = 4; lastKnownFileType = sourcecode.swift; name = AddBookViewController.swift; path = ViewControllers/AddBookViewController.swift; sourceTree = "<group>"; };
		18DA4EE81DA8E1A5002CBB0F /* BooksViewController.swift */ = {isa = PBXFileReference; fileEncoding = 4; lastKnownFileType = sourcecode.swift; name = BooksViewController.swift; path = ViewControllers/BooksViewController.swift; sourceTree = "<group>"; };
		3434F7CAF843946E79DF24B4 /* Pods-GitbookReaderUITests.release.xcconfig */ = {isa = PBXFileReference; includeInIndex = 1; lastKnownFileType = text.xcconfig; name = "Pods-GitbookReaderUITests.release.xcconfig"; path = "Pods/Target Support Files/Pods-GitbookReaderUITests/Pods-GitbookReaderUITests.release.xcconfig"; sourceTree = "<group>"; };
		3A26739306C74E4CB5D02237 /* Pods_GitbookReader.framework */ = {isa = PBXFileReference; explicitFileType = wrapper.framework; includeInIndex = 0; path = Pods_GitbookReader.framework; sourceTree = BUILT_PRODUCTS_DIR; };
		416BA2615CFB238D54845BEE /* Pods-GitbookReaderTests.release.xcconfig */ = {isa = PBXFileReference; includeInIndex = 1; lastKnownFileType = text.xcconfig; name = "Pods-GitbookReaderTests.release.xcconfig"; path = "Pods/Target Support Files/Pods-GitbookReaderTests/Pods-GitbookReaderTests.release.xcconfig"; sourceTree = "<group>"; };
		44F7DC01EB073FBD8CE7EDF9 /* Pods_GitbookReaderUITests.framework */ = {isa = PBXFileReference; explicitFileType = wrapper.framework; includeInIndex = 0; path = Pods_GitbookReaderUITests.framework; sourceTree = BUILT_PRODUCTS_DIR; };
		A29A7DB87F7FDFE04D384AEB /* Pods-GitbookReaderUITests.debug.xcconfig */ = {isa = PBXFileReference; includeInIndex = 1; lastKnownFileType = text.xcconfig; name = "Pods-GitbookReaderUITests.debug.xcconfig"; path = "Pods/Target Support Files/Pods-GitbookReaderUITests/Pods-GitbookReaderUITests.debug.xcconfig"; sourceTree = "<group>"; };
		A612474098434BFD061A1E8A /* Pods-GitbookReader.release.xcconfig */ = {isa = PBXFileReference; includeInIndex = 1; lastKnownFileType = text.xcconfig; name = "Pods-GitbookReader.release.xcconfig"; path = "Pods/Target Support Files/Pods-GitbookReader/Pods-GitbookReader.release.xcconfig"; sourceTree = "<group>"; };
		AD1D2549C2CC86440A369688 /* Pods-GitbookReader.debug.xcconfig */ = {isa = PBXFileReference; includeInIndex = 1; lastKnownFileType = text.xcconfig; name = "Pods-GitbookReader.debug.xcconfig"; path = "Pods/Target Support Files/Pods-GitbookReader/Pods-GitbookReader.debug.xcconfig"; sourceTree = "<group>"; };
		C874BCC6644C4AD16B389ECA /* Pods_GitbookReaderTests.framework */ = {isa = PBXFileReference; explicitFileType = wrapper.framework; includeInIndex = 0; path = Pods_GitbookReaderTests.framework; sourceTree = BUILT_PRODUCTS_DIR; };
		D46BCF46B5AF997550A8E292 /* Pods-GitbookReaderTests.debug.xcconfig */ = {isa = PBXFileReference; includeInIndex = 1; lastKnownFileType = text.xcconfig; name = "Pods-GitbookReaderTests.debug.xcconfig"; path = "Pods/Target Support Files/Pods-GitbookReaderTests/Pods-GitbookReaderTests.debug.xcconfig"; sourceTree = "<group>"; };
/* End PBXFileReference section */

/* Begin PBXFrameworksBuildPhase section */
		1857073B1D163D43007AF52B /* Frameworks */ = {
			isa = PBXFrameworksBuildPhase;
			buildActionMask = 2147483647;
			files = (
				C96DA571BFA47D184B453FAA /* Pods_GitbookReader.framework in Frameworks */,
			);
			runOnlyForDeploymentPostprocessing = 0;
		};
		1857074F1D163D44007AF52B /* Frameworks */ = {
			isa = PBXFrameworksBuildPhase;
			buildActionMask = 2147483647;
			files = (
				D4DDF74F26B2AFB83EEC3A2F /* Pods_GitbookReaderTests.framework in Frameworks */,
			);
			runOnlyForDeploymentPostprocessing = 0;
		};
		1857075A1D163D44007AF52B /* Frameworks */ = {
			isa = PBXFrameworksBuildPhase;
			buildActionMask = 2147483647;
			files = (
				08257F275C5FFD4C425FCF07 /* Pods_GitbookReaderUITests.framework in Frameworks */,
			);
			runOnlyForDeploymentPostprocessing = 0;
		};
/* End PBXFrameworksBuildPhase section */

/* Begin PBXGroup section */
		185707351D163D43007AF52B = {
			isa = PBXGroup;
			children = (
				185707401D163D43007AF52B /* GitbookReader */,
				185707551D163D44007AF52B /* GitbookReaderTests */,
				185707601D163D44007AF52B /* GitbookReaderUITests */,
				1857073F1D163D43007AF52B /* Products */,
				775071699D76B18534D075C9 /* Pods */,
				593919A5E12B33E57CDAA6B9 /* Frameworks */,
			);
			sourceTree = "<group>";
		};
		1857073F1D163D43007AF52B /* Products */ = {
			isa = PBXGroup;
			children = (
				1857073E1D163D43007AF52B /* GitbookReader.app */,
				185707521D163D44007AF52B /* GitbookReaderTests.xctest */,
				1857075D1D163D44007AF52B /* GitbookReaderUITests.xctest */,
			);
			name = Products;
			sourceTree = "<group>";
		};
		185707401D163D43007AF52B /* GitbookReader */ = {
			isa = PBXGroup;
			children = (
				184D69501DAB6DCC0071204C /* GitbookReader.entitlements */,
				18DCACBA1D16F61600933983 /* Config */,
				18DCACB91D16F60400933983 /* Extensions */,
				18D6179E1DAC1466000EDA11 /* Protocols */,
				18DCACB81D16F5FE00933983 /* Services */,
				18DCACB71D16F5F600933983 /* Models */,
				18DCACB61D16F5EA00933983 /* ViewControllers */,
				18DCACB51D16F5E300933983 /* Views */,
				18DCACB41D16F5DC00933983 /* ViewModels */,
				185707411D163D43007AF52B /* AppDelegate.swift */,
				185707481D163D43007AF52B /* Assets.xcassets */,
				1857074A1D163D43007AF52B /* LaunchScreen.storyboard */,
				1857074D1D163D43007AF52B /* Info.plist */,
			);
			path = GitbookReader;
			sourceTree = "<group>";
		};
		185707551D163D44007AF52B /* GitbookReaderTests */ = {
			isa = PBXGroup;
			children = (
				185707561D163D44007AF52B /* GitbookReaderTests.swift */,
				185707581D163D44007AF52B /* Info.plist */,
			);
			path = GitbookReaderTests;
			sourceTree = "<group>";
		};
		185707601D163D44007AF52B /* GitbookReaderUITests */ = {
			isa = PBXGroup;
			children = (
				185707611D163D44007AF52B /* GitbookReaderUITests.swift */,
				185707631D163D44007AF52B /* Info.plist */,
			);
			path = GitbookReaderUITests;
			sourceTree = "<group>";
		};
		18D6179E1DAC1466000EDA11 /* Protocols */ = {
			isa = PBXGroup;
			children = (
				18D6179F1DAC14FE000EDA11 /* Confirmable.swift */,
			);
			name = Protocols;
			sourceTree = "<group>";
		};
		18DA4EDC1DA8D9A2002CBB0F /* ViewControllers */ = {
			isa = PBXGroup;
			children = (
				18DA4EE31DA8E198002CBB0F /* AddBookViewController.xib */,
				18DA4EE41DA8E198002CBB0F /* BooksViewController.xib */,
				18CF87DF1DABED3400701CAD /* AuthenticateModalViewController.xib */,
			);
			name = ViewControllers;
			sourceTree = "<group>";
		};
		18DCACB41D16F5DC00933983 /* ViewModels */ = {
			isa = PBXGroup;
			children = (
				18542BB31DA938EB00FC2420 /* BooksViewModel.swift */,
				187921541DABDD0600EDE2B0 /* UserViewModel.swift */,
			);
			name = ViewModels;
			sourceTree = "<group>";
		};
		18DCACB51D16F5E300933983 /* Views */ = {
			isa = PBXGroup;
			children = (
				18DA4EDC1DA8D9A2002CBB0F /* ViewControllers */,
				18D617A11DAC166B000EDA11 /* ModalTransition.swift */,
			);
			name = Views;
			sourceTree = "<group>";
		};
		18DCACB61D16F5EA00933983 /* ViewControllers */ = {
			isa = PBXGroup;
			children = (
				18DA4EE71DA8E1A5002CBB0F /* AddBookViewController.swift */,
				18DA4EE81DA8E1A5002CBB0F /* BooksViewController.swift */,
				18CF87DD1DABED1300701CAD /* AuthenticateModalViewController.swift */,
				18B72F581DAC897D000D6E15 /* Modal.swift */,
			);
			name = ViewControllers;
			sourceTree = "<group>";
		};
		18DCACB71D16F5F600933983 /* Models */ = {
			isa = PBXGroup;
			children = (
				1879215A1DABDD8E00EDE2B0 /* BookContent.swift */,
				18542BB71DA93B1D00FC2420 /* Book.swift */,
				187921581DABDD6800EDE2B0 /* User.swift */,
			);
			name = Models;
			sourceTree = "<group>";
		};
		18DCACB81D16F5FE00933983 /* Services */ = {
			isa = PBXGroup;
			children = (
			);
			name = Services;
			sourceTree = "<group>";
		};
		18DCACB91D16F60400933983 /* Extensions */ = {
			isa = PBXGroup;
			children = (
				187921511DABCB7B00EDE2B0 /* UISearchBar.swift */,
			);
			name = Extensions;
			sourceTree = "<group>";
		};
		18DCACBA1D16F61600933983 /* Config */ = {
			isa = PBXGroup;
			children = (
			);
			name = Config;
			sourceTree = "<group>";
		};
		593919A5E12B33E57CDAA6B9 /* Frameworks */ = {
			isa = PBXGroup;
			children = (
				3A26739306C74E4CB5D02237 /* Pods_GitbookReader.framework */,
				C874BCC6644C4AD16B389ECA /* Pods_GitbookReaderTests.framework */,
				44F7DC01EB073FBD8CE7EDF9 /* Pods_GitbookReaderUITests.framework */,
			);
			name = Frameworks;
			sourceTree = "<group>";
		};
		775071699D76B18534D075C9 /* Pods */ = {
			isa = PBXGroup;
			children = (
				AD1D2549C2CC86440A369688 /* Pods-GitbookReader.debug.xcconfig */,
				A612474098434BFD061A1E8A /* Pods-GitbookReader.release.xcconfig */,
				D46BCF46B5AF997550A8E292 /* Pods-GitbookReaderTests.debug.xcconfig */,
				416BA2615CFB238D54845BEE /* Pods-GitbookReaderTests.release.xcconfig */,
				A29A7DB87F7FDFE04D384AEB /* Pods-GitbookReaderUITests.debug.xcconfig */,
				3434F7CAF843946E79DF24B4 /* Pods-GitbookReaderUITests.release.xcconfig */,
			);
			name = Pods;
			sourceTree = "<group>";
		};
/* End PBXGroup section */

/* Begin PBXNativeTarget section */
		1857073D1D163D43007AF52B /* GitbookReader */ = {
			isa = PBXNativeTarget;
			buildConfigurationList = 185707661D163D44007AF52B /* Build configuration list for PBXNativeTarget "GitbookReader" */;
			buildPhases = (
				BC24D8EE1B1D7319B7879D93 /* [CP] Check Pods Manifest.lock */,
				1857073A1D163D43007AF52B /* Sources */,
				1857073B1D163D43007AF52B /* Frameworks */,
				1857073C1D163D43007AF52B /* Resources */,
				8810B1D9F84E5744090953BF /* [CP] Embed Pods Frameworks */,
				87FF9F0B750CE9EEA1BD0BE9 /* [CP] Copy Pods Resources */,
			);
			buildRules = (
			);
			dependencies = (
			);
			name = GitbookReader;
			productName = GitbookReader;
			productReference = 1857073E1D163D43007AF52B /* GitbookReader.app */;
			productType = "com.apple.product-type.application";
		};
		185707511D163D44007AF52B /* GitbookReaderTests */ = {
			isa = PBXNativeTarget;
			buildConfigurationList = 185707691D163D44007AF52B /* Build configuration list for PBXNativeTarget "GitbookReaderTests" */;
			buildPhases = (
				4D2ECEA5306370176CB70ADD /* [CP] Check Pods Manifest.lock */,
				1857074E1D163D44007AF52B /* Sources */,
				1857074F1D163D44007AF52B /* Frameworks */,
				185707501D163D44007AF52B /* Resources */,
				5061F3434552BA693AE0AEA2 /* [CP] Embed Pods Frameworks */,
				9BF08BC17FE369C6044BB61E /* [CP] Copy Pods Resources */,
			);
			buildRules = (
			);
			dependencies = (
				185707541D163D44007AF52B /* PBXTargetDependency */,
			);
			name = GitbookReaderTests;
			productName = GitbookReaderTests;
			productReference = 185707521D163D44007AF52B /* GitbookReaderTests.xctest */;
			productType = "com.apple.product-type.bundle.unit-test";
		};
		1857075C1D163D44007AF52B /* GitbookReaderUITests */ = {
			isa = PBXNativeTarget;
			buildConfigurationList = 1857076C1D163D44007AF52B /* Build configuration list for PBXNativeTarget "GitbookReaderUITests" */;
			buildPhases = (
				C7A10A14880A1EAF129C34CD /* [CP] Check Pods Manifest.lock */,
				185707591D163D44007AF52B /* Sources */,
				1857075A1D163D44007AF52B /* Frameworks */,
				1857075B1D163D44007AF52B /* Resources */,
				37401F84E51B957E1C3BCE88 /* [CP] Embed Pods Frameworks */,
				F2BD345C4F5FCA2AE0273DDD /* [CP] Copy Pods Resources */,
			);
			buildRules = (
			);
			dependencies = (
				1857075F1D163D44007AF52B /* PBXTargetDependency */,
			);
			name = GitbookReaderUITests;
			productName = GitbookReaderUITests;
			productReference = 1857075D1D163D44007AF52B /* GitbookReaderUITests.xctest */;
			productType = "com.apple.product-type.bundle.ui-testing";
		};
/* End PBXNativeTarget section */

/* Begin PBXProject section */
		185707361D163D43007AF52B /* Project object */ = {
			isa = PBXProject;
			attributes = {
				LastSwiftUpdateCheck = 0730;
				LastUpgradeCheck = 0800;
				ORGANIZATIONNAME = CapsLock;
				TargetAttributes = {
					1857073D1D163D43007AF52B = {
						CreatedOnToolsVersion = 7.3.1;
						DevelopmentTeam = ZT2WJ442QP;
						LastSwiftMigration = 0800;
						SystemCapabilities = {
							com.apple.Keychain = {
								enabled = 1;
							};
							com.apple.SafariKeychain = {
								enabled = 1;
							};
						};
					};
					185707511D163D44007AF52B = {
						CreatedOnToolsVersion = 7.3.1;
						LastSwiftMigration = 0800;
						TestTargetID = 1857073D1D163D43007AF52B;
					};
					1857075C1D163D44007AF52B = {
						CreatedOnToolsVersion = 7.3.1;
						LastSwiftMigration = 0800;
						TestTargetID = 1857073D1D163D43007AF52B;
					};
				};
			};
			buildConfigurationList = 185707391D163D43007AF52B /* Build configuration list for PBXProject "GitbookReader" */;
			compatibilityVersion = "Xcode 3.2";
			developmentRegion = English;
			hasScannedForEncodings = 0;
			knownRegions = (
				en,
				Base,
			);
			mainGroup = 185707351D163D43007AF52B;
			productRefGroup = 1857073F1D163D43007AF52B /* Products */;
			projectDirPath = "";
			projectRoot = "";
			targets = (
				1857073D1D163D43007AF52B /* GitbookReader */,
				185707511D163D44007AF52B /* GitbookReaderTests */,
				1857075C1D163D44007AF52B /* GitbookReaderUITests */,
			);
		};
/* End PBXProject section */

/* Begin PBXResourcesBuildPhase section */
		1857073C1D163D43007AF52B /* Resources */ = {
			isa = PBXResourcesBuildPhase;
			buildActionMask = 2147483647;
			files = (
				1857074C1D163D43007AF52B /* LaunchScreen.storyboard in Resources */,
				18CF87E01DABED3400701CAD /* AuthenticateModalViewController.xib in Resources */,
				18DA4EE61DA8E198002CBB0F /* BooksViewController.xib in Resources */,
				18DA4EE51DA8E198002CBB0F /* AddBookViewController.xib in Resources */,
				185707491D163D43007AF52B /* Assets.xcassets in Resources */,
			);
			runOnlyForDeploymentPostprocessing = 0;
		};
		185707501D163D44007AF52B /* Resources */ = {
			isa = PBXResourcesBuildPhase;
			buildActionMask = 2147483647;
			files = (
			);
			runOnlyForDeploymentPostprocessing = 0;
		};
		1857075B1D163D44007AF52B /* Resources */ = {
			isa = PBXResourcesBuildPhase;
			buildActionMask = 2147483647;
			files = (
			);
			runOnlyForDeploymentPostprocessing = 0;
		};
/* End PBXResourcesBuildPhase section */

/* Begin PBXShellScriptBuildPhase section */
		37401F84E51B957E1C3BCE88 /* [CP] Embed Pods Frameworks */ = {
			isa = PBXShellScriptBuildPhase;
			buildActionMask = 2147483647;
			files = (
			);
			inputPaths = (
			);
			name = "[CP] Embed Pods Frameworks";
			outputPaths = (
			);
			runOnlyForDeploymentPostprocessing = 0;
			shellPath = /bin/sh;
			shellScript = "\"${SRCROOT}/Pods/Target Support Files/Pods-GitbookReaderUITests/Pods-GitbookReaderUITests-frameworks.sh\"\n";
			showEnvVarsInLog = 0;
		};
		4D2ECEA5306370176CB70ADD /* [CP] Check Pods Manifest.lock */ = {
			isa = PBXShellScriptBuildPhase;
			buildActionMask = 2147483647;
			files = (
			);
			inputPaths = (
			);
			name = "[CP] Check Pods Manifest.lock";
			outputPaths = (
			);
			runOnlyForDeploymentPostprocessing = 0;
			shellPath = /bin/sh;
			shellScript = "diff \"${PODS_ROOT}/../Podfile.lock\" \"${PODS_ROOT}/Manifest.lock\" > /dev/null\nif [ $? != 0 ] ; then\n    # print error to STDERR\n    echo \"error: The sandbox is not in sync with the Podfile.lock. Run 'pod install' or update your CocoaPods installation.\" >&2\n    exit 1\nfi\n";
			showEnvVarsInLog = 0;
		};
		5061F3434552BA693AE0AEA2 /* [CP] Embed Pods Frameworks */ = {
			isa = PBXShellScriptBuildPhase;
			buildActionMask = 2147483647;
			files = (
			);
			inputPaths = (
			);
			name = "[CP] Embed Pods Frameworks";
			outputPaths = (
			);
			runOnlyForDeploymentPostprocessing = 0;
			shellPath = /bin/sh;
			shellScript = "\"${SRCROOT}/Pods/Target Support Files/Pods-GitbookReaderTests/Pods-GitbookReaderTests-frameworks.sh\"\n";
			showEnvVarsInLog = 0;
		};
		87FF9F0B750CE9EEA1BD0BE9 /* [CP] Copy Pods Resources */ = {
			isa = PBXShellScriptBuildPhase;
			buildActionMask = 2147483647;
			files = (
			);
			inputPaths = (
			);
			name = "[CP] Copy Pods Resources";
			outputPaths = (
			);
			runOnlyForDeploymentPostprocessing = 0;
			shellPath = /bin/sh;
			shellScript = "\"${SRCROOT}/Pods/Target Support Files/Pods-GitbookReader/Pods-GitbookReader-resources.sh\"\n";
			showEnvVarsInLog = 0;
		};
		8810B1D9F84E5744090953BF /* [CP] Embed Pods Frameworks */ = {
			isa = PBXShellScriptBuildPhase;
			buildActionMask = 2147483647;
			files = (
			);
			inputPaths = (
			);
			name = "[CP] Embed Pods Frameworks";
			outputPaths = (
			);
			runOnlyForDeploymentPostprocessing = 0;
			shellPath = /bin/sh;
			shellScript = "\"${SRCROOT}/Pods/Target Support Files/Pods-GitbookReader/Pods-GitbookReader-frameworks.sh\"\n";
			showEnvVarsInLog = 0;
		};
		9BF08BC17FE369C6044BB61E /* [CP] Copy Pods Resources */ = {
			isa = PBXShellScriptBuildPhase;
			buildActionMask = 2147483647;
			files = (
			);
			inputPaths = (
			);
			name = "[CP] Copy Pods Resources";
			outputPaths = (
			);
			runOnlyForDeploymentPostprocessing = 0;
			shellPath = /bin/sh;
			shellScript = "\"${SRCROOT}/Pods/Target Support Files/Pods-GitbookReaderTests/Pods-GitbookReaderTests-resources.sh\"\n";
			showEnvVarsInLog = 0;
		};
		BC24D8EE1B1D7319B7879D93 /* [CP] Check Pods Manifest.lock */ = {
			isa = PBXShellScriptBuildPhase;
			buildActionMask = 2147483647;
			files = (
			);
			inputPaths = (
			);
			name = "[CP] Check Pods Manifest.lock";
			outputPaths = (
			);
			runOnlyForDeploymentPostprocessing = 0;
			shellPath = /bin/sh;
			shellScript = "diff \"${PODS_ROOT}/../Podfile.lock\" \"${PODS_ROOT}/Manifest.lock\" > /dev/null\nif [ $? != 0 ] ; then\n    # print error to STDERR\n    echo \"error: The sandbox is not in sync with the Podfile.lock. Run 'pod install' or update your CocoaPods installation.\" >&2\n    exit 1\nfi\n";
			showEnvVarsInLog = 0;
		};
		C7A10A14880A1EAF129C34CD /* [CP] Check Pods Manifest.lock */ = {
			isa = PBXShellScriptBuildPhase;
			buildActionMask = 2147483647;
			files = (
			);
			inputPaths = (
			);
			name = "[CP] Check Pods Manifest.lock";
			outputPaths = (
			);
			runOnlyForDeploymentPostprocessing = 0;
			shellPath = /bin/sh;
			shellScript = "diff \"${PODS_ROOT}/../Podfile.lock\" \"${PODS_ROOT}/Manifest.lock\" > /dev/null\nif [ $? != 0 ] ; then\n    # print error to STDERR\n    echo \"error: The sandbox is not in sync with the Podfile.lock. Run 'pod install' or update your CocoaPods installation.\" >&2\n    exit 1\nfi\n";
			showEnvVarsInLog = 0;
		};
		F2BD345C4F5FCA2AE0273DDD /* [CP] Copy Pods Resources */ = {
			isa = PBXShellScriptBuildPhase;
			buildActionMask = 2147483647;
			files = (
			);
			inputPaths = (
			);
			name = "[CP] Copy Pods Resources";
			outputPaths = (
			);
			runOnlyForDeploymentPostprocessing = 0;
			shellPath = /bin/sh;
			shellScript = "\"${SRCROOT}/Pods/Target Support Files/Pods-GitbookReaderUITests/Pods-GitbookReaderUITests-resources.sh\"\n";
			showEnvVarsInLog = 0;
		};
/* End PBXShellScriptBuildPhase section */

/* Begin PBXSourcesBuildPhase section */
		1857073A1D163D43007AF52B /* Sources */ = {
			isa = PBXSourcesBuildPhase;
			buildActionMask = 2147483647;
			files = (
				18D617A21DAC166B000EDA11 /* ModalTransition.swift in Sources */,
				18D617A01DAC14FE000EDA11 /* Confirmable.swift in Sources */,
				185707421D163D43007AF52B /* AppDelegate.swift in Sources */,
				187921551DABDD0600EDE2B0 /* UserViewModel.swift in Sources */,
				18542BB41DA938EC00FC2420 /* BooksViewModel.swift in Sources */,
				18DA4EE91DA8E1A5002CBB0F /* AddBookViewController.swift in Sources */,
				1879215B1DABDD8E00EDE2B0 /* BookContent.swift in Sources */,
				18542BB81DA93B1D00FC2420 /* Book.swift in Sources */,
				187921591DABDD6800EDE2B0 /* User.swift in Sources */,
				187921521DABCB7C00EDE2B0 /* UISearchBar.swift in Sources */,
				18DA4EEA1DA8E1A5002CBB0F /* BooksViewController.swift in Sources */,
				18CF87DE1DABED1300701CAD /* AuthenticateModalViewController.swift in Sources */,
				18B72F591DAC897D000D6E15 /* Modal.swift in Sources */,
			);
			runOnlyForDeploymentPostprocessing = 0;
		};
		1857074E1D163D44007AF52B /* Sources */ = {
			isa = PBXSourcesBuildPhase;
			buildActionMask = 2147483647;
			files = (
				185707571D163D44007AF52B /* GitbookReaderTests.swift in Sources */,
			);
			runOnlyForDeploymentPostprocessing = 0;
		};
		185707591D163D44007AF52B /* Sources */ = {
			isa = PBXSourcesBuildPhase;
			buildActionMask = 2147483647;
			files = (
				185707621D163D44007AF52B /* GitbookReaderUITests.swift in Sources */,
			);
			runOnlyForDeploymentPostprocessing = 0;
		};
/* End PBXSourcesBuildPhase section */

/* Begin PBXTargetDependency section */
		185707541D163D44007AF52B /* PBXTargetDependency */ = {
			isa = PBXTargetDependency;
			target = 1857073D1D163D43007AF52B /* GitbookReader */;
			targetProxy = 185707531D163D44007AF52B /* PBXContainerItemProxy */;
		};
		1857075F1D163D44007AF52B /* PBXTargetDependency */ = {
			isa = PBXTargetDependency;
			target = 1857073D1D163D43007AF52B /* GitbookReader */;
			targetProxy = 1857075E1D163D44007AF52B /* PBXContainerItemProxy */;
		};
/* End PBXTargetDependency section */

/* Begin PBXVariantGroup section */
		1857074A1D163D43007AF52B /* LaunchScreen.storyboard */ = {
			isa = PBXVariantGroup;
			children = (
				1857074B1D163D43007AF52B /* Base */,
			);
			name = LaunchScreen.storyboard;
			sourceTree = "<group>";
		};
/* End PBXVariantGroup section */

/* Begin XCBuildConfiguration section */
		185707641D163D44007AF52B /* Debug */ = {
			isa = XCBuildConfiguration;
			buildSettings = {
				ALWAYS_SEARCH_USER_PATHS = NO;
				CLANG_ANALYZER_NONNULL = YES;
				CLANG_CXX_LANGUAGE_STANDARD = "gnu++0x";
				CLANG_CXX_LIBRARY = "libc++";
				CLANG_ENABLE_MODULES = YES;
				CLANG_ENABLE_OBJC_ARC = YES;
				CLANG_WARN_BOOL_CONVERSION = YES;
				CLANG_WARN_CONSTANT_CONVERSION = YES;
				CLANG_WARN_DIRECT_OBJC_ISA_USAGE = YES_ERROR;
				CLANG_WARN_EMPTY_BODY = YES;
				CLANG_WARN_ENUM_CONVERSION = YES;
				CLANG_WARN_INFINITE_RECURSION = YES;
				CLANG_WARN_INT_CONVERSION = YES;
				CLANG_WARN_OBJC_ROOT_CLASS = YES_ERROR;
				CLANG_WARN_SUSPICIOUS_MOVE = YES;
				CLANG_WARN_UNREACHABLE_CODE = YES;
				CLANG_WARN__DUPLICATE_METHOD_MATCH = YES;
				"CODE_SIGN_IDENTITY[sdk=iphoneos*]" = "iPhone Developer";
				COPY_PHASE_STRIP = NO;
				DEBUG_INFORMATION_FORMAT = dwarf;
				ENABLE_STRICT_OBJC_MSGSEND = YES;
				ENABLE_TESTABILITY = YES;
				GCC_C_LANGUAGE_STANDARD = gnu99;
				GCC_DYNAMIC_NO_PIC = NO;
				GCC_NO_COMMON_BLOCKS = YES;
				GCC_OPTIMIZATION_LEVEL = 0;
				GCC_PREPROCESSOR_DEFINITIONS = (
					"DEBUG=1",
					"$(inherited)",
				);
				GCC_WARN_64_TO_32_BIT_CONVERSION = YES;
				GCC_WARN_ABOUT_RETURN_TYPE = YES_ERROR;
				GCC_WARN_UNDECLARED_SELECTOR = YES;
				GCC_WARN_UNINITIALIZED_AUTOS = YES_AGGRESSIVE;
				GCC_WARN_UNUSED_FUNCTION = YES;
				GCC_WARN_UNUSED_VARIABLE = YES;
				IPHONEOS_DEPLOYMENT_TARGET = 9.3;
				MTL_ENABLE_DEBUG_INFO = YES;
				ONLY_ACTIVE_ARCH = YES;
				SDKROOT = iphoneos;
				SWIFT_OPTIMIZATION_LEVEL = "-Onone";
			};
			name = Debug;
		};
		185707651D163D44007AF52B /* Release */ = {
			isa = XCBuildConfiguration;
			buildSettings = {
				ALWAYS_SEARCH_USER_PATHS = NO;
				CLANG_ANALYZER_NONNULL = YES;
				CLANG_CXX_LANGUAGE_STANDARD = "gnu++0x";
				CLANG_CXX_LIBRARY = "libc++";
				CLANG_ENABLE_MODULES = YES;
				CLANG_ENABLE_OBJC_ARC = YES;
				CLANG_WARN_BOOL_CONVERSION = YES;
				CLANG_WARN_CONSTANT_CONVERSION = YES;
				CLANG_WARN_DIRECT_OBJC_ISA_USAGE = YES_ERROR;
				CLANG_WARN_EMPTY_BODY = YES;
				CLANG_WARN_ENUM_CONVERSION = YES;
				CLANG_WARN_INFINITE_RECURSION = YES;
				CLANG_WARN_INT_CONVERSION = YES;
				CLANG_WARN_OBJC_ROOT_CLASS = YES_ERROR;
				CLANG_WARN_SUSPICIOUS_MOVE = YES;
				CLANG_WARN_UNREACHABLE_CODE = YES;
				CLANG_WARN__DUPLICATE_METHOD_MATCH = YES;
				"CODE_SIGN_IDENTITY[sdk=iphoneos*]" = "iPhone Developer";
				COPY_PHASE_STRIP = NO;
				DEBUG_INFORMATION_FORMAT = "dwarf-with-dsym";
				ENABLE_NS_ASSERTIONS = NO;
				ENABLE_STRICT_OBJC_MSGSEND = YES;
				GCC_C_LANGUAGE_STANDARD = gnu99;
				GCC_NO_COMMON_BLOCKS = YES;
				GCC_WARN_64_TO_32_BIT_CONVERSION = YES;
				GCC_WARN_ABOUT_RETURN_TYPE = YES_ERROR;
				GCC_WARN_UNDECLARED_SELECTOR = YES;
				GCC_WARN_UNINITIALIZED_AUTOS = YES_AGGRESSIVE;
				GCC_WARN_UNUSED_FUNCTION = YES;
				GCC_WARN_UNUSED_VARIABLE = YES;
				IPHONEOS_DEPLOYMENT_TARGET = 9.3;
				MTL_ENABLE_DEBUG_INFO = NO;
				SDKROOT = iphoneos;
				SWIFT_OPTIMIZATION_LEVEL = "-Owholemodule";
				VALIDATE_PRODUCT = YES;
			};
			name = Release;
		};
		185707671D163D44007AF52B /* Debug */ = {
			isa = XCBuildConfiguration;
			baseConfigurationReference = AD1D2549C2CC86440A369688 /* Pods-GitbookReader.debug.xcconfig */;
			buildSettings = {
				ALWAYS_EMBED_SWIFT_STANDARD_LIBRARIES = "$(inherited)";
				ASSETCATALOG_COMPILER_APPICON_NAME = AppIcon;
				CODE_SIGN_ENTITLEMENTS = GitbookReader/GitbookReader.entitlements;
				DEVELOPMENT_TEAM = ZT2WJ442QP;
				INFOPLIST_FILE = GitbookReader/Info.plist;
				LD_RUNPATH_SEARCH_PATHS = "$(inherited) @executable_path/Frameworks";
				PRODUCT_BUNDLE_IDENTIFIER = org.capslock.GitbookReader;
				PRODUCT_NAME = "$(TARGET_NAME)";
				SWIFT_VERSION = 3.0;
			};
			name = Debug;
		};
		185707681D163D44007AF52B /* Release */ = {
			isa = XCBuildConfiguration;
			baseConfigurationReference = A612474098434BFD061A1E8A /* Pods-GitbookReader.release.xcconfig */;
			buildSettings = {
				ALWAYS_EMBED_SWIFT_STANDARD_LIBRARIES = "$(inherited)";
				ASSETCATALOG_COMPILER_APPICON_NAME = AppIcon;
				CODE_SIGN_ENTITLEMENTS = GitbookReader/GitbookReader.entitlements;
				DEVELOPMENT_TEAM = ZT2WJ442QP;
				INFOPLIST_FILE = GitbookReader/Info.plist;
				LD_RUNPATH_SEARCH_PATHS = "$(inherited) @executable_path/Frameworks";
				PRODUCT_BUNDLE_IDENTIFIER = org.capslock.GitbookReader;
				PRODUCT_NAME = "$(TARGET_NAME)";
				SWIFT_VERSION = 3.0;
			};
			name = Release;
		};
		1857076A1D163D44007AF52B /* Debug */ = {
			isa = XCBuildConfiguration;
			baseConfigurationReference = D46BCF46B5AF997550A8E292 /* Pods-GitbookReaderTests.debug.xcconfig */;
			buildSettings = {
				BUNDLE_LOADER = "$(TEST_HOST)";
				INFOPLIST_FILE = GitbookReaderTests/Info.plist;
				LD_RUNPATH_SEARCH_PATHS = "$(inherited) @executable_path/Frameworks @loader_path/Frameworks";
				PRODUCT_BUNDLE_IDENTIFIER = com.capslock.GitbookReaderTests;
				PRODUCT_NAME = "$(TARGET_NAME)";
				SWIFT_VERSION = 3.0;
				TEST_HOST = "$(BUILT_PRODUCTS_DIR)/GitbookReader.app/GitbookReader";
			};
			name = Debug;
		};
		1857076B1D163D44007AF52B /* Release */ = {
			isa = XCBuildConfiguration;
			baseConfigurationReference = 416BA2615CFB238D54845BEE /* Pods-GitbookReaderTests.release.xcconfig */;
			buildSettings = {
				BUNDLE_LOADER = "$(TEST_HOST)";
				INFOPLIST_FILE = GitbookReaderTests/Info.plist;
				LD_RUNPATH_SEARCH_PATHS = "$(inherited) @executable_path/Frameworks @loader_path/Frameworks";
				PRODUCT_BUNDLE_IDENTIFIER = com.capslock.GitbookReaderTests;
				PRODUCT_NAME = "$(TARGET_NAME)";
				SWIFT_VERSION = 3.0;
				TEST_HOST = "$(BUILT_PRODUCTS_DIR)/GitbookReader.app/GitbookReader";
			};
			name = Release;
		};
		1857076D1D163D44007AF52B /* Debug */ = {
			isa = XCBuildConfiguration;
			baseConfigurationReference = A29A7DB87F7FDFE04D384AEB /* Pods-GitbookReaderUITests.debug.xcconfig */;
			buildSettings = {
				INFOPLIST_FILE = GitbookReaderUITests/Info.plist;
				LD_RUNPATH_SEARCH_PATHS = "$(inherited) @executable_path/Frameworks @loader_path/Frameworks";
				PRODUCT_BUNDLE_IDENTIFIER = com.capslock.GitbookReaderUITests;
				PRODUCT_NAME = "$(TARGET_NAME)";
				SWIFT_VERSION = 3.0;
				TEST_TARGET_NAME = GitbookReader;
			};
			name = Debug;
		};
		1857076E1D163D44007AF52B /* Release */ = {
			isa = XCBuildConfiguration;
			baseConfigurationReference = 3434F7CAF843946E79DF24B4 /* Pods-GitbookReaderUITests.release.xcconfig */;
			buildSettings = {
				INFOPLIST_FILE = GitbookReaderUITests/Info.plist;
				LD_RUNPATH_SEARCH_PATHS = "$(inherited) @executable_path/Frameworks @loader_path/Frameworks";
				PRODUCT_BUNDLE_IDENTIFIER = com.capslock.GitbookReaderUITests;
				PRODUCT_NAME = "$(TARGET_NAME)";
				SWIFT_VERSION = 3.0;
				TEST_TARGET_NAME = GitbookReader;
			};
			name = Release;
		};
/* End XCBuildConfiguration section */

/* Begin XCConfigurationList section */
		185707391D163D43007AF52B /* Build configuration list for PBXProject "GitbookReader" */ = {
			isa = XCConfigurationList;
			buildConfigurations = (
				185707641D163D44007AF52B /* Debug */,
				185707651D163D44007AF52B /* Release */,
			);
			defaultConfigurationIsVisible = 0;
			defaultConfigurationName = Release;
		};
		185707661D163D44007AF52B /* Build configuration list for PBXNativeTarget "GitbookReader" */ = {
			isa = XCConfigurationList;
			buildConfigurations = (
				185707671D163D44007AF52B /* Debug */,
				185707681D163D44007AF52B /* Release */,
			);
			defaultConfigurationIsVisible = 0;
			defaultConfigurationName = Release;
		};
		185707691D163D44007AF52B /* Build configuration list for PBXNativeTarget "GitbookReaderTests" */ = {
			isa = XCConfigurationList;
			buildConfigurations = (
				1857076A1D163D44007AF52B /* Debug */,
				1857076B1D163D44007AF52B /* Release */,
			);
			defaultConfigurationIsVisible = 0;
			defaultConfigurationName = Release;
		};
		1857076C1D163D44007AF52B /* Build configuration list for PBXNativeTarget "GitbookReaderUITests" */ = {
			isa = XCConfigurationList;
			buildConfigurations = (
				1857076D1D163D44007AF52B /* Debug */,
				1857076E1D163D44007AF52B /* Release */,
			);
			defaultConfigurationIsVisible = 0;
			defaultConfigurationName = Release;
		};
/* End XCConfigurationList section */
	};
	rootObject = 185707361D163D43007AF52B /* Project object */;
}
